{
  "name": "node-js-sample",
  "version": "0.2.0",
  "lockfileVersion": 1,
  "requires": true,
  "dependencies": {
    "chat-bubble": {
      "version": "1.2.3",
      "resolved": "https://registry.npmjs.org/chat-bubble/-/chat-bubble-1.2.3.tgz",
      "integrity": "sha512-8y/iZ5Uksx6cFhN9HeRsZl2TnA6H/Ir2sQX5/6lvyiYAZTobhKYZMAqb2GDHglUUSVxkHwgQOzWiuO8myxL64Q=="
    },
    "jquery": {
      "version": "3.2.1",
      "resolved": "https://registry.npmjs.org/jquery/-/jquery-3.2.1.tgz",
      "integrity": "sha1-XE2d5lKvbNCncBVKYxu6ErAVx4c="
    },
    "slick-carousel": {
      "version": "1.8.1",
      "resolved": "https://registry.npmjs.org/slick-carousel/-/slick-carousel-1.8.1.tgz",
      "integrity": "sha512-XB9Ftrf2EEKfzoQXt3Nitrt/IPbT+f1fgqBdoxO3W/+JYvtEOW6EgxnWfr9GH6nmULv7Y2tPmEX3koxThVmebA=="
    }
  }
}
