{
  "name": "node-js-sample",
  "version": "0.2.0",
  "lockfileVersion": 1,
  "requires": true,
  "dependencies": {
    "bootstrap": {
      "version": "3.3.7",
      "resolved": "https://registry.npmjs.org/bootstrap/-/bootstrap-3.3.7.tgz",
      "integrity": "sha1-WjiTlFSfIzMIdaOxUGVldPip63E="
    },
    "bulma": {
      "version": "0.6.1",
      "resolved": "https://registry.npmjs.org/bulma/-/bulma-0.6.1.tgz",
      "integrity": "sha1-XyGnfAwG99gAUcBmKMI1Fggb1kk="
    },
    "chat-bubble": {
      "version": "1.2.3",
      "resolved": "https://registry.npmjs.org/chat-bubble/-/chat-bubble-1.2.3.tgz",
      "integrity": "sha512-8y/iZ5Uksx6cFhN9HeRsZl2TnA6H/Ir2sQX5/6lvyiYAZTobhKYZMAqb2GDHglUUSVxkHwgQOzWiuO8myxL64Q=="
    }
  }
}
